// !$*UTF8*$!
{
	archiveVersion = 1;
	classes = {
	};
	objectVersion = 77;
	objects = {

/* Begin PBXBuildFile section */
		0755039AD1DFB1233F2152F9 /* TabStripView.swift in Sources */ = {isa = PBXBuildFile; fileRef = 0A1B87E650A9C0D9CC2FEC98 /* TabStripView.swift */; };
		1A353EBC5D8175A906E7A886 /* SettingsWindowController.swift in Sources */ = {isa = PBXBuildFile; fileRef = 81AD1F03BA5CC9D3A0534B99 /* SettingsWindowController.swift */; };
		28B5D4CF4037F487700775EB /* JSONValue.swift in Sources */ = {isa = PBXBuildFile; fileRef = 0D30F42E60414D945F2FF945 /* JSONValue.swift */; };
		2DEBD91C559BBDEB6059CEC6 /* NotebookStore.swift in Sources */ = {isa = PBXBuildFile; fileRef = 99FFE286055EB3BE9C9C260C /* NotebookStore.swift */; };
		47427FCB3B8A7A440D2BCAA0 /* EditorContainerViewController.swift in Sources */ = {isa = PBXBuildFile; fileRef = 4E2ABBEDE4D145A9D8D29E9C /* EditorContainerViewController.swift */; };
		47B6BD719B621F3A2EE321AA /* NotebookStore.swift in Sources */ = {isa = PBXBuildFile; fileRef = 99FFE286055EB3BE9C9C260C /* NotebookStore.swift */; };
		54EE954CE3456EE21CFC252C /* Web in Resources */ = {isa = PBXBuildFile; fileRef = 52E003310F05630B7A6D975D /* Web */; };
		65A5DE535FF6AAB3CD6F760D /* JSONValue.swift in Sources */ = {isa = PBXBuildFile; fileRef = 0D30F42E60414D945F2FF945 /* JSONValue.swift */; };
		753A00D594B0226BAD6B1591 /* MainSplitViewController.swift in Sources */ = {isa = PBXBuildFile; fileRef = 57D6DBB9F45AC79BAF73F32F /* MainSplitViewController.swift */; };
		7A88A56C880DD8BF3420ABFB /* LibraryRepositoryTests.swift in Sources */ = {isa = PBXBuildFile; fileRef = 5EE6A703E0C8F6CF690A6E67 /* LibraryRepositoryTests.swift */; };
		7AEB0CD98C099045D290EC27 /* LibraryDocumentTests.swift in Sources */ = {isa = PBXBuildFile; fileRef = 96FE1810E077A68DCD17328D /* LibraryDocumentTests.swift */; };
		8170EBE21A48B68A01719DF5 /* AppPreferences.swift in Sources */ = {isa = PBXBuildFile; fileRef = 3A79EEAA44FE08E33AC3E682 /* AppPreferences.swift */; };
		8C8F1BC9AD19A165AD8FC3D7 /* AppPreferences.swift in Sources */ = {isa = PBXBuildFile; fileRef = 3A79EEAA44FE08E33AC3E682 /* AppPreferences.swift */; };
		8EE65D72561C62160873B2D4 /* MainWindowController.swift in Sources */ = {isa = PBXBuildFile; fileRef = EDCA5F613379FBA474C7BF92 /* MainWindowController.swift */; };
		A5B05E74E364F6BE967A3445 /* EditorWebViewController.swift in Sources */ = {isa = PBXBuildFile; fileRef = EA43F9FB77DC07CCD54B95A9 /* EditorWebViewController.swift */; };
		AD1A693E070716BA6DB23EE1 /* Assets.xcassets in Resources */ = {isa = PBXBuildFile; fileRef = E219EA196CA9705A8B8D6A60 /* Assets.xcassets */; };
		C9F5FDCD63703D0C8626221B /* NotebookStoreTests.swift in Sources */ = {isa = PBXBuildFile; fileRef = 84C1BD9EFB5FCD295DB166A7 /* NotebookStoreTests.swift */; };
		CD8FB76FF06CB50E1C0F3833 /* LibraryRepository.swift in Sources */ = {isa = PBXBuildFile; fileRef = 2F7BE66C168418A3283F4D6A /* LibraryRepository.swift */; };
		D12284E3694EEE488AD309FE /* LibraryModels.swift in Sources */ = {isa = PBXBuildFile; fileRef = CFB3D9B190008BD2AB51B96A /* LibraryModels.swift */; };
		D15CBEDD6AE0075F3C6C9E75 /* SidebarViewController.swift in Sources */ = {isa = PBXBuildFile; fileRef = 9AEDF32806C3C164B4FA4C8F /* SidebarViewController.swift */; };
		D4A23E69E41106CBC4227643 /* LibraryModels.swift in Sources */ = {isa = PBXBuildFile; fileRef = CFB3D9B190008BD2AB51B96A /* LibraryModels.swift */; };
		E0C420F73D688ABD5C1EB5BB /* AppDelegate.swift in Sources */ = {isa = PBXBuildFile; fileRef = 0575B48DA8E8DDBF2DDB68BF /* AppDelegate.swift */; };
		EB5F2B8F3324B6A54AF332B6 /* TestFixtures.swift in Sources */ = {isa = PBXBuildFile; fileRef = 52D9E2AEC020D28ED20B4079 /* TestFixtures.swift */; };
		F8C6A9E40767F8D3990FDA32 /* LibraryRepository.swift in Sources */ = {isa = PBXBuildFile; fileRef = 2F7BE66C168418A3283F4D6A /* LibraryRepository.swift */; };
		FD5703AABFE4F3A834E28EF5 /* DesignTokens.generated.swift in Sources */ = {isa = PBXBuildFile; fileRef = 8DA0A02FF4BBAC3B4A1967F7 /* DesignTokens.generated.swift */; };
/* End PBXBuildFile section */

/* Begin PBXFileReference section */
		0575B48DA8E8DDBF2DDB68BF /* AppDelegate.swift */ = {isa = PBXFileReference; lastKnownFileType = sourcecode.swift; path = AppDelegate.swift; sourceTree = "<group>"; };
		0A1B87E650A9C0D9CC2FEC98 /* TabStripView.swift */ = {isa = PBXFileReference; lastKnownFileType = sourcecode.swift; path = TabStripView.swift; sourceTree = "<group>"; };
		0D30F42E60414D945F2FF945 /* JSONValue.swift */ = {isa = PBXFileReference; lastKnownFileType = sourcecode.swift; path = JSONValue.swift; sourceTree = "<group>"; };
		2F7BE66C168418A3283F4D6A /* LibraryRepository.swift */ = {isa = PBXFileReference; lastKnownFileType = sourcecode.swift; path = LibraryRepository.swift; sourceTree = "<group>"; };
		3A79EEAA44FE08E33AC3E682 /* AppPreferences.swift */ = {isa = PBXFileReference; lastKnownFileType = sourcecode.swift; path = AppPreferences.swift; sourceTree = "<group>"; };
		4E2ABBEDE4D145A9D8D29E9C /* EditorContainerViewController.swift */ = {isa = PBXFileReference; lastKnownFileType = sourcecode.swift; path = EditorContainerViewController.swift; sourceTree = "<group>"; };
		52D9E2AEC020D28ED20B4079 /* TestFixtures.swift */ = {isa = PBXFileReference; lastKnownFileType = sourcecode.swift; path = TestFixtures.swift; sourceTree = "<group>"; };
		52E003310F05630B7A6D975D /* Web */ = {isa = PBXFileReference; lastKnownFileType = folder; name = Web; path = GooseNotes/Resources/Web; sourceTree = SOURCE_ROOT; };
		57D6DBB9F45AC79BAF73F32F /* MainSplitViewController.swift */ = {isa = PBXFileReference; lastKnownFileType = sourcecode.swift; path = MainSplitViewController.swift; sourceTree = "<group>"; };
		5EE6A703E0C8F6CF690A6E67 /* LibraryRepositoryTests.swift */ = {isa = PBXFileReference; lastKnownFileType = sourcecode.swift; path = LibraryRepositoryTests.swift; sourceTree = "<group>"; };
		7E5C487B66C4D4F5F84FC27D /* GooseNotes.app */ = {isa = PBXFileReference; explicitFileType = wrapper.application; includeInIndex = 0; path = GooseNotes.app; sourceTree = BUILT_PRODUCTS_DIR; };
		81AD1F03BA5CC9D3A0534B99 /* SettingsWindowController.swift */ = {isa = PBXFileReference; lastKnownFileType = sourcecode.swift; path = SettingsWindowController.swift; sourceTree = "<group>"; };
		84C1BD9EFB5FCD295DB166A7 /* NotebookStoreTests.swift */ = {isa = PBXFileReference; lastKnownFileType = sourcecode.swift; path = NotebookStoreTests.swift; sourceTree = "<group>"; };
		8DA0A02FF4BBAC3B4A1967F7 /* DesignTokens.generated.swift */ = {isa = PBXFileReference; lastKnownFileType = sourcecode.swift; path = DesignTokens.generated.swift; sourceTree = "<group>"; };
		94B56BB0BDF03FD99FBA53C5 /* GooseNotesTests.xctest */ = {isa = PBXFileReference; explicitFileType = wrapper.cfbundle; includeInIndex = 0; path = GooseNotesTests.xctest; sourceTree = BUILT_PRODUCTS_DIR; };
		96FE1810E077A68DCD17328D /* LibraryDocumentTests.swift */ = {isa = PBXFileReference; lastKnownFileType = sourcecode.swift; path = LibraryDocumentTests.swift; sourceTree = "<group>"; };
		99FFE286055EB3BE9C9C260C /* NotebookStore.swift */ = {isa = PBXFileReference; lastKnownFileType = sourcecode.swift; path = NotebookStore.swift; sourceTree = "<group>"; };
		9AEDF32806C3C164B4FA4C8F /* SidebarViewController.swift */ = {isa = PBXFileReference; lastKnownFileType = sourcecode.swift; path = SidebarViewController.swift; sourceTree = "<group>"; };
		CFB3D9B190008BD2AB51B96A /* LibraryModels.swift */ = {isa = PBXFileReference; lastKnownFileType = sourcecode.swift; path = LibraryModels.swift; sourceTree = "<group>"; };
		E219EA196CA9705A8B8D6A60 /* Assets.xcassets */ = {isa = PBXFileReference; lastKnownFileType = folder.assetcatalog; path = Assets.xcassets; sourceTree = "<group>"; };
		EA43F9FB77DC07CCD54B95A9 /* EditorWebViewController.swift */ = {isa = PBXFileReference; lastKnownFileType = sourcecode.swift; path = EditorWebViewController.swift; sourceTree = "<group>"; };
		EDCA5F613379FBA474C7BF92 /* MainWindowController.swift */ = {isa = PBXFileReference; lastKnownFileType = sourcecode.swift; path = MainWindowController.swift; sourceTree = "<group>"; };
/* End PBXFileReference section */

/* Begin PBXGroup section */
		293F71CE1C5E32CC3F67D57C /* GooseNotesTests */ = {
			isa = PBXGroup;
			children = (
				96FE1810E077A68DCD17328D /* LibraryDocumentTests.swift */,
				5EE6A703E0C8F6CF690A6E67 /* LibraryRepositoryTests.swift */,
				84C1BD9EFB5FCD295DB166A7 /* NotebookStoreTests.swift */,
				52D9E2AEC020D28ED20B4079 /* TestFixtures.swift */,
			);
			path = GooseNotesTests;
			sourceTree = "<group>";
		};
		6A70372A42AF4945F5E736D1 /* Core */ = {
			isa = PBXGroup;
			children = (
				3A79EEAA44FE08E33AC3E682 /* AppPreferences.swift */,
				0D30F42E60414D945F2FF945 /* JSONValue.swift */,
				CFB3D9B190008BD2AB51B96A /* LibraryModels.swift */,
				2F7BE66C168418A3283F4D6A /* LibraryRepository.swift */,
				99FFE286055EB3BE9C9C260C /* NotebookStore.swift */,
			);
			path = Core;
			sourceTree = "<group>";
		};
		8384B14967D22378AF49F5A3 /* Web */ = {
			isa = PBXGroup;
			children = (
				EA43F9FB77DC07CCD54B95A9 /* EditorWebViewController.swift */,
			);
			path = Web;
			sourceTree = "<group>";
		};
		8821351BE0DCDA7C191C8BE1 /* UI */ = {
			isa = PBXGroup;
			children = (
				4E2ABBEDE4D145A9D8D29E9C /* EditorContainerViewController.swift */,
				57D6DBB9F45AC79BAF73F32F /* MainSplitViewController.swift */,
				81AD1F03BA5CC9D3A0534B99 /* SettingsWindowController.swift */,
				9AEDF32806C3C164B4FA4C8F /* SidebarViewController.swift */,
				0A1B87E650A9C0D9CC2FEC98 /* TabStripView.swift */,
			);
			path = UI;
			sourceTree = "<group>";
		};
		A1F01BCE19B6B1D2D5CD1672 /* Tests */ = {
			isa = PBXGroup;
			children = (
				293F71CE1C5E32CC3F67D57C /* GooseNotesTests */,
			);
			path = Tests;
			sourceTree = "<group>";
		};
		B11863DAD573167555F42D95 /* Generated */ = {
			isa = PBXGroup;
			children = (
				8DA0A02FF4BBAC3B4A1967F7 /* DesignTokens.generated.swift */,
			);
			path = Generated;
			sourceTree = "<group>";
		};
		B63422AE00DF4751E4AE98F3 /* App */ = {
			isa = PBXGroup;
			children = (
				0575B48DA8E8DDBF2DDB68BF /* AppDelegate.swift */,
				EDCA5F613379FBA474C7BF92 /* MainWindowController.swift */,
			);
			path = App;
			sourceTree = "<group>";
		};
		C1F6B88351D9558DB84FD34D = {
			isa = PBXGroup;
			children = (
				F752EF1BF218250F303A0EB5 /* GooseNotes */,
				A1F01BCE19B6B1D2D5CD1672 /* Tests */,
				FAB8BF0C249D794B1610EE93 /* Products */,
			);
			sourceTree = "<group>";
		};
		EAB1A293521F18903776C219 /* Sources */ = {
			isa = PBXGroup;
			children = (
				B63422AE00DF4751E4AE98F3 /* App */,
				6A70372A42AF4945F5E736D1 /* Core */,
				B11863DAD573167555F42D95 /* Generated */,
				8821351BE0DCDA7C191C8BE1 /* UI */,
				8384B14967D22378AF49F5A3 /* Web */,
			);
			path = Sources;
			sourceTree = "<group>";
		};
		F46530375D4A0D051CAFF0AD /* Resources */ = {
			isa = PBXGroup;
			children = (
				E219EA196CA9705A8B8D6A60 /* Assets.xcassets */,
				52E003310F05630B7A6D975D /* Web */,
			);
			path = Resources;
			sourceTree = "<group>";
		};
		F752EF1BF218250F303A0EB5 /* GooseNotes */ = {
			isa = PBXGroup;
			children = (
				F46530375D4A0D051CAFF0AD /* Resources */,
				EAB1A293521F18903776C219 /* Sources */,
			);
			path = GooseNotes;
			sourceTree = "<group>";
		};
		FAB8BF0C249D794B1610EE93 /* Products */ = {
			isa = PBXGroup;
			children = (
				7E5C487B66C4D4F5F84FC27D /* GooseNotes.app */,
				94B56BB0BDF03FD99FBA53C5 /* GooseNotesTests.xctest */,
			);
			name = Products;
			sourceTree = "<group>";
		};
/* End PBXGroup section */

/* Begin PBXNativeTarget section */
		1AB8F9581EBDF5DD4063D4A7 /* GooseNotesTests */ = {
			isa = PBXNativeTarget;
			buildConfigurationList = 9F99086BD3D9AC297595EF7D /* Build configuration list for PBXNativeTarget "GooseNotesTests" */;
			buildPhases = (
				DD8A8ACF2EC6FD9A1F3AAF66 /* Sources */,
			);
			buildRules = (
			);
			dependencies = (
			);
			name = GooseNotesTests;
			packageProductDependencies = (
			);
			productName = GooseNotesTests;
			productReference = 94B56BB0BDF03FD99FBA53C5 /* GooseNotesTests.xctest */;
			productType = "com.apple.product-type.bundle.unit-test";
		};
		22BD26AC0FF020B626DCD054 /* GooseNotes */ = {
			isa = PBXNativeTarget;
			buildConfigurationList = FFC4724BFB62CD2DEEBE3E88 /* Build configuration list for PBXNativeTarget "GooseNotes" */;
			buildPhases = (
				2242031FA0F4F8C66E71FA3C /* Sources */,
				75FADF58A9E477803AA74593 /* Resources */,
			);
			buildRules = (
			);
			dependencies = (
			);
			name = GooseNotes;
			packageProductDependencies = (
			);
			productName = GooseNotes;
			productReference = 7E5C487B66C4D4F5F84FC27D /* GooseNotes.app */;
			productType = "com.apple.product-type.application";
		};
/* End PBXNativeTarget section */

/* Begin PBXProject section */
		F33CED73393BCD893EE3F6F5 /* Project object */ = {
			isa = PBXProject;
			attributes = {
				BuildIndependentTargetsInParallel = YES;
				LastUpgradeCheck = 2600;
				TargetAttributes = {
				};
			};
			buildConfigurationList = 7DCE7E9FDC55C25E59463BFD /* Build configuration list for PBXProject "GooseNotes" */;
			developmentRegion = en;
			hasScannedForEncodings = 0;
			knownRegions = (
				Base,
				en,
			);
			mainGroup = C1F6B88351D9558DB84FD34D;
			minimizedProjectReferenceProxies = 1;
			preferredProjectObjectVersion = 77;
			productRefGroup = FAB8BF0C249D794B1610EE93 /* Products */;
			projectDirPath = "";
			projectRoot = "";
			targets = (
				22BD26AC0FF020B626DCD054 /* GooseNotes */,
				1AB8F9581EBDF5DD4063D4A7 /* GooseNotesTests */,
			);
		};
/* End PBXProject section */

/* Begin PBXResourcesBuildPhase section */
		75FADF58A9E477803AA74593 /* Resources */ = {
			isa = PBXResourcesBuildPhase;
			buildActionMask = 2147483647;
			files = (
				AD1A693E070716BA6DB23EE1 /* Assets.xcassets in Resources */,
				54EE954CE3456EE21CFC252C /* Web in Resources */,
			);
			runOnlyForDeploymentPostprocessing = 0;
		};
/* End PBXResourcesBuildPhase section */

/* Begin PBXSourcesBuildPhase section */
		2242031FA0F4F8C66E71FA3C /* Sources */ = {
			isa = PBXSourcesBuildPhase;
			buildActionMask = 2147483647;
			files = (
				E0C420F73D688ABD5C1EB5BB /* AppDelegate.swift in Sources */,
				8170EBE21A48B68A01719DF5 /* AppPreferences.swift in Sources */,
				FD5703AABFE4F3A834E28EF5 /* DesignTokens.generated.swift in Sources */,
				47427FCB3B8A7A440D2BCAA0 /* EditorContainerViewController.swift in Sources */,
				A5B05E74E364F6BE967A3445 /* EditorWebViewController.swift in Sources */,
				28B5D4CF4037F487700775EB /* JSONValue.swift in Sources */,
				D12284E3694EEE488AD309FE /* LibraryModels.swift in Sources */,
				F8C6A9E40767F8D3990FDA32 /* LibraryRepository.swift in Sources */,
				753A00D594B0226BAD6B1591 /* MainSplitViewController.swift in Sources */,
				8EE65D72561C62160873B2D4 /* MainWindowController.swift in Sources */,
				47B6BD719B621F3A2EE321AA /* NotebookStore.swift in Sources */,
				1A353EBC5D8175A906E7A886 /* SettingsWindowController.swift in Sources */,
				D15CBEDD6AE0075F3C6C9E75 /* SidebarViewController.swift in Sources */,
				0755039AD1DFB1233F2152F9 /* TabStripView.swift in Sources */,
			);
			runOnlyForDeploymentPostprocessing = 0;
		};
		DD8A8ACF2EC6FD9A1F3AAF66 /* Sources */ = {
			isa = PBXSourcesBuildPhase;
			buildActionMask = 2147483647;
			files = (
				8C8F1BC9AD19A165AD8FC3D7 /* AppPreferences.swift in Sources */,
				65A5DE535FF6AAB3CD6F760D /* JSONValue.swift in Sources */,
				7AEB0CD98C099045D290EC27 /* LibraryDocumentTests.swift in Sources */,
				D4A23E69E41106CBC4227643 /* LibraryModels.swift in Sources */,
				CD8FB76FF06CB50E1C0F3833 /* LibraryRepository.swift in Sources */,
				7A88A56C880DD8BF3420ABFB /* LibraryRepositoryTests.swift in Sources */,
				2DEBD91C559BBDEB6059CEC6 /* NotebookStore.swift in Sources */,
				C9F5FDCD63703D0C8626221B /* NotebookStoreTests.swift in Sources */,
				EB5F2B8F3324B6A54AF332B6 /* TestFixtures.swift in Sources */,
			);
			runOnlyForDeploymentPostprocessing = 0;
		};
/* End PBXSourcesBuildPhase section */

/* Begin XCBuildConfiguration section */
		0118B2E62FBA54EB42E9366E /* Release */ = {
			isa = XCBuildConfiguration;
			buildSettings = {
				ALWAYS_SEARCH_USER_PATHS = NO;
				CLANG_ANALYZER_NONNULL = YES;
				CLANG_ANALYZER_NUMBER_OBJECT_CONVERSION = YES_AGGRESSIVE;
				CLANG_CXX_LANGUAGE_STANDARD = "gnu++14";
				CLANG_CXX_LIBRARY = "libc++";
				CLANG_ENABLE_MODULES = YES;
				CLANG_ENABLE_OBJC_ARC = YES;
				CLANG_ENABLE_OBJC_WEAK = YES;
				CLANG_WARN_BLOCK_CAPTURE_AUTORELEASING = YES;
				CLANG_WARN_BOOL_CONVERSION = YES;
				CLANG_WARN_COMMA = YES;
				CLANG_WARN_CONSTANT_CONVERSION = YES;
				CLANG_WARN_DEPRECATED_OBJC_IMPLEMENTATIONS = YES;
				CLANG_WARN_DIRECT_OBJC_ISA_USAGE = YES_ERROR;
				CLANG_WARN_DOCUMENTATION_COMMENTS = YES;
				CLANG_WARN_EMPTY_BODY = YES;
				CLANG_WARN_ENUM_CONVERSION = YES;
				CLANG_WARN_INFINITE_RECURSION = YES;
				CLANG_WARN_INT_CONVERSION = YES;
				CLANG_WARN_NON_LITERAL_NULL_CONVERSION = YES;
				CLANG_WARN_OBJC_IMPLICIT_RETAIN_SELF = YES;
				CLANG_WARN_OBJC_LITERAL_CONVERSION = YES;
				CLANG_WARN_OBJC_ROOT_CLASS = YES_ERROR;
				CLANG_WARN_QUOTED_INCLUDE_IN_FRAMEWORK_HEADER = YES;
				CLANG_WARN_RANGE_LOOP_ANALYSIS = YES;
				CLANG_WARN_STRICT_PROTOTYPES = YES;
				CLANG_WARN_SUSPICIOUS_MOVE = YES;
				CLANG_WARN_UNGUARDED_AVAILABILITY = YES_AGGRESSIVE;
				CLANG_WARN_UNREACHABLE_CODE = YES;
				CLANG_WARN__DUPLICATE_METHOD_MATCH = YES;
				COPY_PHASE_STRIP = NO;
				CURRENT_PROJECT_VERSION = 1;
				DEBUG_INFORMATION_FORMAT = "dwarf-with-dsym";
				ENABLE_DEBUG_DYLIB = NO;
				ENABLE_HARDENED_RUNTIME = YES;
				ENABLE_NS_ASSERTIONS = NO;
				ENABLE_STRICT_OBJC_MSGSEND = YES;
				GCC_C_LANGUAGE_STANDARD = gnu11;
				GCC_NO_COMMON_BLOCKS = YES;
				GCC_WARN_64_TO_32_BIT_CONVERSION = YES;
				GCC_WARN_ABOUT_RETURN_TYPE = YES_ERROR;
				GCC_WARN_UNDECLARED_SELECTOR = YES;
				GCC_WARN_UNINITIALIZED_AUTOS = YES_AGGRESSIVE;
				GCC_WARN_UNUSED_FUNCTION = YES;
				GCC_WARN_UNUSED_VARIABLE = YES;
				MACOSX_DEPLOYMENT_TARGET = 15.0;
				MARKETING_VERSION = 0.1.0;
				MTL_ENABLE_DEBUG_INFO = NO;
				MTL_FAST_MATH = YES;
				PRODUCT_NAME = "$(TARGET_NAME)";
				SDKROOT = macosx;
				SWIFT_COMPILATION_MODE = wholemodule;
				SWIFT_OPTIMIZATION_LEVEL = "-O";
				SWIFT_STRICT_CONCURRENCY = complete;
				SWIFT_VERSION = 6.0;
			};
			name = Release;
		};
		41F4193829AD085DF76C3521 /* Debug */ = {
			isa = XCBuildConfiguration;
			buildSettings = {
				ASSETCATALOG_COMPILER_APPICON_NAME = AppIcon;
				ASSETCATALOG_COMPILER_GLOBAL_ACCENT_COLOR_NAME = AccentColor;
				CODE_SIGN_ENTITLEMENTS = GooseNotes/GooseNotes.entitlements;
				COMBINE_HIDPI_IMAGES = YES;
				GENERATE_INFOPLIST_FILE = NO;
				INFOPLIST_FILE = GooseNotes/Info.plist;
				LD_RUNPATH_SEARCH_PATHS = (
					"$(inherited)",
					"@executable_path/../Frameworks",
				);
				PRODUCT_BUNDLE_IDENTIFIER = "com.eachann.goose-notes";
				PRODUCT_NAME = GooseNotes;
				SDKROOT = macosx;
			};
			name = Debug;
		};
		774038C2471D98DC6396045C /* Release */ = {
			isa = XCBuildConfiguration;
			buildSettings = {
				ASSETCATALOG_COMPILER_APPICON_NAME = AppIcon;
				ASSETCATALOG_COMPILER_GLOBAL_ACCENT_COLOR_NAME = AccentColor;
				CODE_SIGN_ENTITLEMENTS = GooseNotes/GooseNotes.entitlements;
				COMBINE_HIDPI_IMAGES = YES;
				GENERATE_INFOPLIST_FILE = NO;
				INFOPLIST_FILE = GooseNotes/Info.plist;
				LD_RUNPATH_SEARCH_PATHS = (
					"$(inherited)",
					"@executable_path/../Frameworks",
				);
				PRODUCT_BUNDLE_IDENTIFIER = "com.eachann.goose-notes";
				PRODUCT_NAME = GooseNotes;
				SDKROOT = macosx;
			};
			name = Release;
		};
		7AD680628D03A72B4CED3F72 /* Debug */ = {
			isa = XCBuildConfiguration;
			buildSettings = {
				ALWAYS_SEARCH_USER_PATHS = NO;
				CLANG_ANALYZER_NONNULL = YES;
				CLANG_ANALYZER_NUMBER_OBJECT_CONVERSION = YES_AGGRESSIVE;
				CLANG_CXX_LANGUAGE_STANDARD = "gnu++14";
				CLANG_CXX_LIBRARY = "libc++";
				CLANG_ENABLE_MODULES = YES;
				CLANG_ENABLE_OBJC_ARC = YES;
				CLANG_ENABLE_OBJC_WEAK = YES;
				CLANG_WARN_BLOCK_CAPTURE_AUTORELEASING = YES;
				CLANG_WARN_BOOL_CONVERSION = YES;
				CLANG_WARN_COMMA = YES;
				CLANG_WARN_CONSTANT_CONVERSION = YES;
				CLANG_WARN_DEPRECATED_OBJC_IMPLEMENTATIONS = YES;
				CLANG_WARN_DIRECT_OBJC_ISA_USAGE = YES_ERROR;
				CLANG_WARN_DOCUMENTATION_COMMENTS = YES;
				CLANG_WARN_EMPTY_BODY = YES;
				CLANG_WARN_ENUM_CONVERSION = YES;
				CLANG_WARN_INFINITE_RECURSION = YES;
				CLANG_WARN_INT_CONVERSION = YES;
				CLANG_WARN_NON_LITERAL_NULL_CONVERSION = YES;
				CLANG_WARN_OBJC_IMPLICIT_RETAIN_SELF = YES;
				CLANG_WARN_OBJC_LITERAL_CONVERSION = YES;
				CLANG_WARN_OBJC_ROOT_CLASS = YES_ERROR;
				CLANG_WARN_QUOTED_INCLUDE_IN_FRAMEWORK_HEADER = YES;
				CLANG_WARN_RANGE_LOOP_ANALYSIS = YES;
				CLANG_WARN_STRICT_PROTOTYPES = YES;
				CLANG_WARN_SUSPICIOUS_MOVE = YES;
				CLANG_WARN_UNGUARDED_AVAILABILITY = YES_AGGRESSIVE;
				CLANG_WARN_UNREACHABLE_CODE = YES;
				CLANG_WARN__DUPLICATE_METHOD_MATCH = YES;
				COPY_PHASE_STRIP = NO;
				CURRENT_PROJECT_VERSION = 1;
				DEBUG_INFORMATION_FORMAT = dwarf;
				ENABLE_DEBUG_DYLIB = NO;
				ENABLE_HARDENED_RUNTIME = YES;
				ENABLE_STRICT_OBJC_MSGSEND = YES;
				ENABLE_TESTABILITY = YES;
				GCC_C_LANGUAGE_STANDARD = gnu11;
				GCC_DYNAMIC_NO_PIC = NO;
				GCC_NO_COMMON_BLOCKS = YES;
				GCC_OPTIMIZATION_LEVEL = 0;
				GCC_PREPROCESSOR_DEFINITIONS = (
					"$(inherited)",
					"DEBUG=1",
				);
				GCC_WARN_64_TO_32_BIT_CONVERSION = YES;
				GCC_WARN_ABOUT_RETURN_TYPE = YES_ERROR;
				GCC_WARN_UNDECLARED_SELECTOR = YES;
				GCC_WARN_UNINITIALIZED_AUTOS = YES_AGGRESSIVE;
				GCC_WARN_UNUSED_FUNCTION = YES;
				GCC_WARN_UNUSED_VARIABLE = YES;
				MACOSX_DEPLOYMENT_TARGET = 15.0;
				MARKETING_VERSION = 0.1.0;
				MTL_ENABLE_DEBUG_INFO = INCLUDE_SOURCE;
				MTL_FAST_MATH = YES;
				ONLY_ACTIVE_ARCH = YES;
				PRODUCT_NAME = "$(TARGET_NAME)";
				SDKROOT = macosx;
				SWIFT_ACTIVE_COMPILATION_CONDITIONS = DEBUG;
				SWIFT_OPTIMIZATION_LEVEL = "-Onone";
				SWIFT_STRICT_CONCURRENCY = complete;
				SWIFT_VERSION = 6.0;
			};
			name = Debug;
		};
		9E05DB13164596BFE6E33FE8 /* Release */ = {
			isa = XCBuildConfiguration;
			buildSettings = {
				BUNDLE_LOADER = "";
				COMBINE_HIDPI_IMAGES = YES;
				GENERATE_INFOPLIST_FILE = YES;
				LD_RUNPATH_SEARCH_PATHS = (
					"$(inherited)",
					"@executable_path/../Frameworks",
					"@loader_path/../Frameworks",
				);
				PRODUCT_BUNDLE_IDENTIFIER = "com.eachann.goose-notes.tests";
				SDKROOT = macosx;
				TEST_HOST = "";
			};
			name = Release;
		};
		ECEF9E6C38FAD5CC9AAA7BB8 /* Debug */ = {
			isa = XCBuildConfiguration;
			buildSettings = {
				BUNDLE_LOADER = "";
				COMBINE_HIDPI_IMAGES = YES;
				GENERATE_INFOPLIST_FILE = YES;
				LD_RUNPATH_SEARCH_PATHS = (
					"$(inherited)",
					"@executable_path/../Frameworks",
					"@loader_path/../Frameworks",
				);
				PRODUCT_BUNDLE_IDENTIFIER = "com.eachann.goose-notes.tests";
				SDKROOT = macosx;
				TEST_HOST = "";
			};
			name = Debug;
		};
/* End XCBuildConfiguration section */

/* Begin XCConfigurationList section */
		7DCE7E9FDC55C25E59463BFD /* Build configuration list for PBXProject "GooseNotes" */ = {
			isa = XCConfigurationList;
			buildConfigurations = (
				7AD680628D03A72B4CED3F72 /* Debug */,
				0118B2E62FBA54EB42E9366E /* Release */,
			);
			defaultConfigurationIsVisible = 0;
			defaultConfigurationName = Debug;
		};
		9F99086BD3D9AC297595EF7D /* Build configuration list for PBXNativeTarget "GooseNotesTests" */ = {
			isa = XCConfigurationList;
			buildConfigurations = (
				ECEF9E6C38FAD5CC9AAA7BB8 /* Debug */,
				9E05DB13164596BFE6E33FE8 /* Release */,
			);
			defaultConfigurationIsVisible = 0;
			defaultConfigurationName = Debug;
		};
		FFC4724BFB62CD2DEEBE3E88 /* Build configuration list for PBXNativeTarget "GooseNotes" */ = {
			isa = XCConfigurationList;
			buildConfigurations = (
				41F4193829AD085DF76C3521 /* Debug */,
				774038C2471D98DC6396045C /* Release */,
			);
			defaultConfigurationIsVisible = 0;
			defaultConfigurationName = Debug;
		};
/* End XCConfigurationList section */
	};
	rootObject = F33CED73393BCD893EE3F6F5 /* Project object */;
}
